<?xml version="1.0" encoding="utf-8"?>
<Project ToolsVersion="4.0" xmlns="http://schemas.microsoft.com/developer/msbuild/2003">
  <ItemGroup>
    <Filter Include="Исходные файлы">
      <UniqueIdentifier>{4FC737F1-C7A5-4376-A066-2A32D752A2FF}</UniqueIdentifier>
      <Extensions>cpp;c;cc;cxx;c++;def;odl;idl;hpj;bat;asm;asmx</Extensions>
    </Filter>
    <Filter Include="Файлы заголовков">
      <UniqueIdentifier>{93995380-89BD-4b04-88EB-625FBE52EBFB}</UniqueIdentifier>
      <Extensions>h;hh;hpp;hxx;h++;hm;inl;inc;ipp;xsd</Extensions>
    </Filter>
    <Filter Include="Файлы ресурсов">
      <UniqueIdentifier>{67DA6AB6-F800-4c08-8B7A-83BB121AAD01}</UniqueIdentifier>
      <Extensions>rc;ico;cur;bmp;dlg;rc2;rct;bin;rgs;gif;jpg;jpeg;jpe;resx;tiff;tif;png;wav;mfcribbon-ms</Extensions>
    </Filter>
    <Filter Include="Исходные файлы\XCore">
      <UniqueIdentifier>{8a954033-3b9c-46dd-9411-27b3ad835e42}</UniqueIdentifier>
    </Filter>
    <Filter Include="Исходные файлы\XCore\XApplet">
      <UniqueIdentifier>{c1e0c2c7-98ea-44e6-9d22-e375d0b65539}</UniqueIdentifier>
    </Filter>
    <Filter Include="Исходные файлы\XCore\XWindow">
      <UniqueIdentifier>{5a144fe7-9619-4034-b17f-f0c88647d319}</UniqueIdentifier>
    </Filter>
    <Filter Include="Исходные файлы\XCore\XLayout">
      <UniqueIdentifier>{084c8252-a9d6-4eda-9905-1a3edc88ff8a}</UniqueIdentifier>
    </Filter>
    <Filter Include="Исходные файлы\XCore\XLayout\XHLayout">
      <UniqueIdentifier>{6995a282-b94e-47cb-9549-37d3f55b8043}</UniqueIdentifier>
    </Filter>
    <Filter Include="Исходные файлы\XCore\XLayout\XVLayout">
      <UniqueIdentifier>{66ed73ce-f082-49e9-9786-5593d0665c6c}</UniqueIdentifier>
    </Filter>
    <Filter Include="Исходные файлы\XCore\XDebug">
      <UniqueIdentifier>{0c144c46-e09e-43fd-b32f-4ac26ce8a300}</UniqueIdentifier>
    </Filter>
    <Filter Include="Исходные файлы\XCore\XApplication">
      <UniqueIdentifier>{876dd15d-6a73-4d63-a5dd-d2ae171f89b3}</UniqueIdentifier>
    </Filter>
    <Filter Include="Исходные файлы\XCore\XApplication\XProc">
      <UniqueIdentifier>{d6f33f17-96a3-48c7-9ad3-e64bf748c0f6}</UniqueIdentifier>
    </Filter>
    <Filter Include="Исходные файлы\XCore\XApplet\XButton">
      <UniqueIdentifier>{e4ecdd57-9348-4998-af67-577028d071c6}</UniqueIdentifier>
    </Filter>
    <Filter Include="Исходные файлы\XCore\XApplet\XComboBox">
      <UniqueIdentifier>{f101041c-e3f6-4665-be0d-db212e6b05d5}</UniqueIdentifier>
    </Filter>
    <Filter Include="Исходные файлы\XCore\XTypes">
      <UniqueIdentifier>{91309307-ca29-4c46-b31c-299859918a91}</UniqueIdentifier>
    </Filter>
    <Filter Include="Исходные файлы\XCore\kernel">
      <UniqueIdentifier>{ff7ab55c-244c-4adc-bc25-5ba6494518c0}</UniqueIdentifier>
    </Filter>
    <Filter Include="Исходные файлы\XCore\XTypes\XWindowFlags">
      <UniqueIdentifier>{78eee68d-f5bb-4a3a-9c08-22e866306a60}</UniqueIdentifier>
    </Filter>
    <Filter Include="Исходные файлы\XCore\XTypes\XWindowType">
      <UniqueIdentifier>{f2b9df61-0f8f-4c7e-b3f0-8a4860bf509b}</UniqueIdentifier>
    </Filter>
    <Filter Include="Исходные файлы\XCore\XTypes\XSize">
      <UniqueIdentifier>{c4c7a6e7-db9a-47a5-b5a3-b8e188a26fb9}</UniqueIdentifier>
    </Filter>
    <Filter Include="Исходные файлы\XCore\XTypes\XMargins">
      <UniqueIdentifier>{240031bc-f474-4195-a31f-307a8be8dd19}</UniqueIdentifier>
    </Filter>
    <Filter Include="Исходные файлы\XCore\XTypes\XRect">
      <UniqueIdentifier>{808c489b-1326-4c4b-910c-2f5fb7de0cc5}</UniqueIdentifier>
    </Filter>
    <Filter Include="Исходные файлы\XCore\XApplet\XLabel">
      <UniqueIdentifier>{5b6d8965-f515-49f2-aa03-04d84b2d026f}</UniqueIdentifier>
    </Filter>
    <Filter Include="Исходные файлы\XCore\Dispether">
      <UniqueIdentifier>{16d96671-af64-40e6-9593-26b8af149196}</UniqueIdentifier>
    </Filter>
    <Filter Include="Исходные файлы\XCore\XThread">
      <UniqueIdentifier>{b65775b1-4779-4157-9fa5-bdf9c2e466e2}</UniqueIdentifier>
    </Filter>
    <Filter Include="Исходные файлы\XCore\XApplet\XTextBox">
      <UniqueIdentifier>{12804267-9fa7-4e8a-8913-e4a6b9ad079c}</UniqueIdentifier>
    </Filter>
    <Filter Include="Исходные файлы\XCore\XApplet\XTrackbar">
      <UniqueIdentifier>{5a291580-5907-4a70-a7ab-7bfc1c58102d}</UniqueIdentifier>
    </Filter>
    <Filter Include="Исходные файлы\tests">
      <UniqueIdentifier>{cd4fcb35-4293-41ac-b2d9-c9d75528c11b}</UniqueIdentifier>
    </Filter>
  </ItemGroup>
  <ItemGroup>
    <ClCompile Include="WinX.cpp">
      <Filter>Исходные файлы</Filter>
    </ClCompile>
    <ClCompile Include="XHLayout.cpp">
      <Filter>Исходные файлы\XCore\XLayout\XHLayout</Filter>
    </ClCompile>
    <ClCompile Include="XLayout.cpp">
      <Filter>Исходные файлы\XCore\XLayout</Filter>
    </ClCompile>
    <ClCompile Include="XVLayout.cpp">
      <Filter>Исходные файлы\XCore\XLayout\XVLayout</Filter>
    </ClCompile>
    <ClCompile Include="XApplet.cpp">
      <Filter>Исходные файлы\XCore\XApplet</Filter>
    </ClCompile>
    <ClCompile Include="XWindow.cpp">
      <Filter>Исходные файлы\XCore\XWindow</Filter>
    </ClCompile>
    <ClCompile Include="XApplication.cpp">
      <Filter>Исходные файлы\XCore\XApplication</Filter>
    </ClCompile>
    <ClCompile Include="XApplicationProc.cpp">
      <Filter>Исходные файлы\XCore\XApplication\XProc</Filter>
    </ClCompile>
    <ClCompile Include="XButton.cpp">
      <Filter>Исходные файлы\XCore\XApplet\XButton</Filter>
    </ClCompile>
    <ClCompile Include="XComboBox.cpp">
      <Filter>Исходные файлы\XCore\XApplet\XComboBox</Filter>
    </ClCompile>
    <ClCompile Include="XMainWindow.cpp">
      <Filter>Исходные файлы\XCore</Filter>
    </ClCompile>
    <ClCompile Include="xhandle.cpp">
      <Filter>Исходные файлы\XCore\kernel</Filter>
    </ClCompile>
    <ClCompile Include="XWindowFlags.cpp">
      <Filter>Исходные файлы\XCore\XTypes\XWindowFlags</Filter>
    </ClCompile>
    <ClCompile Include="XWindowType.cpp">
      <Filter>Исходные файлы\XCore\XTypes\XWindowType</Filter>
    </ClCompile>
    <ClCompile Include="XSize.cpp">
      <Filter>Исходные файлы\XCore\XTypes\XSize</Filter>
    </ClCompile>
    <ClCompile Include="XMargins.cpp">
      <Filter>Исходные файлы\XCore\XTypes\XMargins</Filter>
    </ClCompile>
    <ClCompile Include="XRect.cpp">
      <Filter>Исходные файлы\XCore\XTypes\XRect</Filter>
    </ClCompile>
    <ClCompile Include="XLabel.cpp">
      <Filter>Исходные файлы\XCore\XApplet\XLabel</Filter>
    </ClCompile>
    <ClCompile Include="Dispether.cpp">
      <Filter>Исходные файлы\XCore\Dispether</Filter>
    </ClCompile>
    <ClCompile Include="XThread.cpp">
      <Filter>Исходные файлы\XCore\XThread</Filter>
    </ClCompile>
    <ClCompile Include="XTextBox.cpp">
      <Filter>Исходные файлы\XCore\XApplet\XTextBox</Filter>
    </ClCompile>
    <ClCompile Include="XTrackbar.cpp">
      <Filter>Исходные файлы\XCore\XApplet\XTrackbar</Filter>
    </ClCompile>
    <ClCompile Include="..\test\ChangeCaptionSizeInReg\changeCaptionSizeInReg.cpp">
      <Filter>Исходные файлы\tests</Filter>
    </ClCompile>
  </ItemGroup>
  <ItemGroup>
    <ClInclude Include="resource.h">
      <Filter>Файлы заголовков</Filter>
    </ClInclude>
    <ClInclude Include="XVLayout.h">
      <Filter>Исходные файлы\XCore\XLayout\XVLayout</Filter>
    </ClInclude>
    <ClInclude Include="XHLayout.h">
      <Filter>Исходные файлы\XCore\XLayout\XHLayout</Filter>
    </ClInclude>
    <ClInclude Include="XLayout.h">
      <Filter>Исходные файлы\XCore\XLayout</Filter>
    </ClInclude>
    <ClInclude Include="XApplet.h">
      <Filter>Исходные файлы\XCore\XApplet</Filter>
    </ClInclude>
    <ClInclude Include="XWindow.h">
      <Filter>Исходные файлы\XCore\XWindow</Filter>
    </ClInclude>
    <ClInclude Include="XDebug.h">
      <Filter>Исходные файлы\XCore\XDebug</Filter>
    </ClInclude>
    <ClInclude Include="XApplication.h">
      <Filter>Исходные файлы\XCore\XApplication</Filter>
    </ClInclude>
    <ClInclude Include="XApplicationProc.h">
      <Filter>Исходные файлы\XCore\XApplication\XProc</Filter>
    </ClInclude>
    <ClInclude Include="XButton.h">
      <Filter>Исходные файлы\XCore\XApplet\XButton</Filter>
    </ClInclude>
    <ClInclude Include="XComboBox.h">
      <Filter>Исходные файлы\XCore\XApplet\XComboBox</Filter>
    </ClInclude>
    <ClInclude Include="XTypes.h">
      <Filter>Исходные файлы\XCore\XTypes</Filter>
    </ClInclude>
    <ClInclude Include="XMainWindow.h">
      <Filter>Исходные файлы\XCore</Filter>
    </ClInclude>
    <ClInclude Include="XParams.h">
      <Filter>Исходные файлы\XCore</Filter>
    </ClInclude>
    <ClInclude Include="xhandle.h">
      <Filter>Исходные файлы\XCore\kernel</Filter>
    </ClInclude>
    <ClInclude Include="XWindowFlags.h">
      <Filter>Исходные файлы\XCore\XTypes\XWindowFlags</Filter>
    </ClInclude>
    <ClInclude Include="XWindowType.h">
      <Filter>Исходные файлы\XCore\XTypes\XWindowType</Filter>
    </ClInclude>
    <ClInclude Include="XSize.h">
      <Filter>Исходные файлы\XCore\XTypes\XSize</Filter>
    </ClInclude>
    <ClInclude Include="XMargins.h">
      <Filter>Исходные файлы\XCore\XTypes\XMargins</Filter>
    </ClInclude>
    <ClInclude Include="XRect.h">
      <Filter>Исходные файлы\XCore\XTypes\XRect</Filter>
    </ClInclude>
    <ClInclude Include="XLabel.h">
      <Filter>Исходные файлы\XCore\XApplet\XLabel</Filter>
    </ClInclude>
    <ClInclude Include="Dispether.h">
      <Filter>Исходные файлы\XCore\Dispether</Filter>
    </ClInclude>
    <ClInclude Include="XThread.h">
      <Filter>Исходные файлы\XCore\XThread</Filter>
    </ClInclude>
    <ClInclude Include="XTextBox.h">
      <Filter>Исходные файлы\XCore\XApplet\XTextBox</Filter>
    </ClInclude>
    <ClInclude Include="XTrackbar.h">
      <Filter>Исходные файлы\XCore\XApplet\XTrackbar</Filter>
    </ClInclude>
  </ItemGroup>
  <ItemGroup>
    <ResourceCompile Include="Resource.rc">
      <Filter>Файлы ресурсов</Filter>
    </ResourceCompile>
  </ItemGroup>
  <ItemGroup>
    <Image Include="icon1.ico">
      <Filter>Файлы ресурсов</Filter>
    </Image>
    <Image Include="w102.ico">
      <Filter>Файлы ресурсов</Filter>
    </Image>
    <Image Include="w10.png">
      <Filter>Файлы ресурсов</Filter>
    </Image>
  </ItemGroup>
  <ItemGroup>
    <None Include="Resource.aps">
      <Filter>Файлы ресурсов</Filter>
    </None>
    <None Include="RuleSet.ruleset">
      <Filter>Исходные файлы</Filter>
    </None>
  </ItemGroup>
  <ItemGroup>
    <Manifest Include="WinX.exe.manifest">
      <Filter>Файлы ресурсов</Filter>
    </Manifest>
  </ItemGroup>
</Project>