<?xml version="1.0" encoding="utf-8"?>
<Project ToolsVersion="4.0" xmlns="http://schemas.microsoft.com/developer/msbuild/2003">
  <ItemGroup>
    <Filter Include="Исходные файлы">
      <UniqueIdentifier>{4FC737F1-C7A5-4376-A066-2A32D752A2FF}</UniqueIdentifier>
      <Extensions>cpp;c;cc;cxx;c++;def;odl;idl;hpj;bat;asm;asmx</Extensions>
    </Filter>
    <Filter Include="Файлы заголовков">
      <UniqueIdentifier>{93995380-89BD-4b04-88EB-625FBE52EBFB}</UniqueIdentifier>
      <Extensions>h;hh;hpp;hxx;h++;hm;inl;inc;ipp;xsd</Extensions>
    </Filter>
    <Filter Include="Файлы ресурсов">
      <UniqueIdentifier>{67DA6AB6-F800-4c08-8B7A-83BB121AAD01}</UniqueIdentifier>
      <Extensions>rc;ico;cur;bmp;dlg;rc2;rct;bin;rgs;gif;jpg;jpeg;jpe;resx;tiff;tif;png;wav;mfcribbon-ms</Extensions>
    </Filter>
    <Filter Include="Исходные файлы\Applets">
      <UniqueIdentifier>{87c54c3a-8c63-44ce-9a27-1e0ca0d2accb}</UniqueIdentifier>
    </Filter>
    <Filter Include="Исходные файлы\Applets\XButton">
      <UniqueIdentifier>{e8b4975d-5642-4096-9968-43e0756f0d44}</UniqueIdentifier>
    </Filter>
    <Filter Include="Исходные файлы\Applets\XComboBox">
      <UniqueIdentifier>{9669c15d-cd07-413f-bb3a-7440206d46c1}</UniqueIdentifier>
    </Filter>
  </ItemGroup>
  <ItemGroup>
    <ClCompile Include="main.cpp">
      <Filter>Исходные файлы</Filter>
    </ClCompile>
    <ClCompile Include="XApplication.cpp">
      <Filter>Исходные файлы</Filter>
    </ClCompile>
    <ClCompile Include="XApplicationProc.cpp">
      <Filter>Исходные файлы</Filter>
    </ClCompile>
    <ClCompile Include="XMainWindow.cpp">
      <Filter>Исходные файлы</Filter>
    </ClCompile>
    <ClCompile Include="XApplet.cpp">
      <Filter>Исходные файлы</Filter>
    </ClCompile>
    <ClCompile Include="XButton.cpp">
      <Filter>Исходные файлы\Applets\XButton</Filter>
    </ClCompile>
    <ClCompile Include="XComboBox.cpp">
      <Filter>Исходные файлы\Applets\XComboBox</Filter>
    </ClCompile>
    <ClCompile Include="Base.cpp">
      <Filter>Исходные файлы</Filter>
    </ClCompile>
  </ItemGroup>
  <ItemGroup>
    <ClInclude Include="XApplication.h">
      <Filter>Файлы заголовков</Filter>
    </ClInclude>
    <ClInclude Include="XApplicationProc.h">
      <Filter>Файлы заголовков</Filter>
    </ClInclude>
    <ClInclude Include="XMainWindow.h">
      <Filter>Файлы заголовков</Filter>
    </ClInclude>
    <ClInclude Include="XApplet.h">
      <Filter>Файлы заголовков</Filter>
    </ClInclude>
    <ClInclude Include="XButton.h">
      <Filter>Исходные файлы\Applets\XButton</Filter>
    </ClInclude>
    <ClInclude Include="XParams.h">
      <Filter>Файлы заголовков</Filter>
    </ClInclude>
    <ClInclude Include="XComboBox.h">
      <Filter>Исходные файлы\Applets\XComboBox</Filter>
    </ClInclude>
    <ClInclude Include="Base.h">
      <Filter>Файлы заголовков</Filter>
    </ClInclude>
  </ItemGroup>
  <ItemGroup>
    <Manifest Include="WinX.manifest">
      <Filter>Файлы ресурсов</Filter>
    </Manifest>
  </ItemGroup>
</Project>